
Microsoft Visual Studio Solution File, Format Version 12.00
# Visual Studio Version 17
VisualStudioVersion = 17.8.34511.84
MinimumVisualStudioVersion = 10.0.40219.1
Project("{FAE04EC0-301F-11D3-BF4B-00C04F79EFBC}") = "Lesson26", "Lesson26\Lesson26.csproj", "{D0FBC63A-2C42-4415-AE00-EEC50647352D}"
EndProject
Global
	GlobalSection(SolutionConfigurationPlatforms) = preSolution
		Debug|Any CPU = Debug|Any CPU
		Release|Any CPU = Release|Any CPU
	EndGlobalSection
	GlobalSection(ProjectConfigurationPlatforms) = postSolution
		{D0FBC63A-2C42-4415-AE00-EEC50647352D}.Debug|Any CPU.ActiveCfg = Debug|Any CPU
		{D0FBC63A-2C42-4415-AE00-EEC50647352D}.Debug|Any CPU.Build.0 = Debug|Any CPU
		{D0FBC63A-2C42-4415-AE00-EEC50647352D}.Release|Any CPU.ActiveCfg = Release|Any CPU
		{D0FBC63A-2C42-4415-AE00-EEC50647352D}.Release|Any CPU.Build.0 = Release|Any CPU
	EndGlobalSection
	GlobalSection(SolutionProperties) = preSolution
		HideSolutionNode = FALSE
	EndGlobalSection
	GlobalSection(ExtensibilityGlobals) = postSolution
		SolutionGuid = {2FE97225-7E8F-416F-ABD8-E3FF1870F615}
	EndGlobalSection
EndGlobal
